
Microsoft Visual Studio Solution File, Format Version 12.00
# Visual Studio Version 17
VisualStudioVersion = 17.13.35825.156 d17.13
MinimumVisualStudioVersion = 10.0.40219.1
Project("{FAE04EC0-301F-11D3-BF4B-00C04F79EFBC}") = "Aula1", "Aula1\Aula1.csproj", "{A7A777BD-981E-47E4-857E-2D01D642308A}"
EndProject
Global
	GlobalSection(SolutionConfigurationPlatforms) = preSolution
		Debug|Any CPU = Debug|Any CPU
		Release|Any CPU = Release|Any CPU
	EndGlobalSection
	GlobalSection(ProjectConfigurationPlatforms) = postSolution
		{A7A777BD-981E-47E4-857E-2D01D642308A}.Debug|Any CPU.ActiveCfg = Debug|Any CPU
		{A7A777BD-981E-47E4-857E-2D01D642308A}.Debug|Any CPU.Build.0 = Debug|Any CPU
		{A7A777BD-981E-47E4-857E-2D01D642308A}.Release|Any CPU.ActiveCfg = Release|Any CPU
		{A7A777BD-981E-47E4-857E-2D01D642308A}.Release|Any CPU.Build.0 = Release|Any CPU
	EndGlobalSection
	GlobalSection(SolutionProperties) = preSolution
		HideSolutionNode = FALSE
	EndGlobalSection
	GlobalSection(ExtensibilityGlobals) = postSolution
		SolutionGuid = {C8B7A896-EAB3-4D8C-B1DB-64E36ED86112}
	EndGlobalSection
EndGlobal
