
Microsoft Visual Studio Solution File, Format Version 12.00
# Visual Studio Version 17
VisualStudioVersion = 17.13.35825.156 d17.13
MinimumVisualStudioVersion = 10.0.40219.1
Project("{FAE04EC0-301F-11D3-BF4B-00C04F79EFBC}") = "Aula4", "Aula4.csproj", "{4939AA18-EA5C-4CE3-801F-B159D22897B9}"
EndProject
Global
	GlobalSection(SolutionConfigurationPlatforms) = preSolution
		Debug|Any CPU = Debug|Any CPU
		Release|Any CPU = Release|Any CPU
	EndGlobalSection
	GlobalSection(ProjectConfigurationPlatforms) = postSolution
		{4939AA18-EA5C-4CE3-801F-B159D22897B9}.Debug|Any CPU.ActiveCfg = Debug|Any CPU
		{4939AA18-EA5C-4CE3-801F-B159D22897B9}.Debug|Any CPU.Build.0 = Debug|Any CPU
		{4939AA18-EA5C-4CE3-801F-B159D22897B9}.Release|Any CPU.ActiveCfg = Release|Any CPU
		{4939AA18-EA5C-4CE3-801F-B159D22897B9}.Release|Any CPU.Build.0 = Release|Any CPU
	EndGlobalSection
	GlobalSection(SolutionProperties) = preSolution
		HideSolutionNode = FALSE
	EndGlobalSection
	GlobalSection(ExtensibilityGlobals) = postSolution
		SolutionGuid = {966DD0F2-44F8-44DF-9163-8C794184E691}
	EndGlobalSection
EndGlobal
