
Microsoft Visual Studio Solution File, Format Version 12.00
# Visual Studio Version 17
VisualStudioVersion = 17.13.35825.156 d17.13
MinimumVisualStudioVersion = 10.0.40219.1
Project("{FAE04EC0-301F-11D3-BF4B-00C04F79EFBC}") = "Aula6", "Aula6.csproj", "{65A9FD45-41EB-4904-959A-275751787E11}"
EndProject
Global
	GlobalSection(SolutionConfigurationPlatforms) = preSolution
		Debug|Any CPU = Debug|Any CPU
		Release|Any CPU = Release|Any CPU
	EndGlobalSection
	GlobalSection(ProjectConfigurationPlatforms) = postSolution
		{65A9FD45-41EB-4904-959A-275751787E11}.Debug|Any CPU.ActiveCfg = Debug|Any CPU
		{65A9FD45-41EB-4904-959A-275751787E11}.Debug|Any CPU.Build.0 = Debug|Any CPU
		{65A9FD45-41EB-4904-959A-275751787E11}.Release|Any CPU.ActiveCfg = Release|Any CPU
		{65A9FD45-41EB-4904-959A-275751787E11}.Release|Any CPU.Build.0 = Release|Any CPU
	EndGlobalSection
	GlobalSection(SolutionProperties) = preSolution
		HideSolutionNode = FALSE
	EndGlobalSection
	GlobalSection(ExtensibilityGlobals) = postSolution
		SolutionGuid = {8B9FD986-D224-4D40-BFCF-757DD13A241D}
	EndGlobalSection
EndGlobal
